lockfileVersion: '6.0'

settings:
  autoInstallPeers: true
  excludeLinksFromLockfile: false

dependencies:
  '@hyrious/esbuild-plugin-commonjs':
    specifier: ^0.2.4
    version: 0.2.4(esbuild@0.25.0)
  '@vercel/ncc':
    specifier: 0.38.3
    version: 0.38.3
  esbuild:
    specifier: ^0.25.0
    version: 0.25.0
  prettier:
    specifier: ^3.4.2
    version: 3.5.1
  rollup:
    specifier: ^4.30.1
    version: 4.34.7
  rollup-plugin-dts:
    specifier: ^6.1.1
    version: 6.1.1(rollup@4.34.7)(typescript@5.7.3)
  terser:
    specifier: ^5.37.0
    version: 5.39.0

devDependencies:
  '@rslib/core':
    specifier: 0.3.1
    version: 0.3.1(typescript@5.7.3)
  '@types/fs-extra':
    specifier: ^11.0.4
    version: 11.0.4
  '@types/node':
    specifier: 22.10.7
    version: 22.10.7
  fast-glob:
    specifier: ^3.3.3
    version: 3.3.3
  fs-extra:
    specifier: ^11.3.0
    version: 11.3.0
  rslog:
    specifier: ^1.2.3
    version: 1.2.3
  typescript:
    specifier: ^5.7.3
    version: 5.7.3

packages:

  /@babel/code-frame@7.26.2:
    resolution: {integrity: sha512-RJlIHRueQgwWitWgF8OdFYGZX328Ax5BCemNGlqHfplnRT9ESi8JkFlvaVYbS+UubVY6dpv87Fs2u5M29iNFVQ==}
    engines: {node: '>=6.9.0'}
    requiresBuild: true
    dependencies:
      '@babel/helper-validator-identifier': 7.25.9
      js-tokens: 4.0.0
      picocolors: 1.1.1
    dev: false
    optional: true

  /@babel/helper-validator-identifier@7.25.9:
    resolution: {integrity: sha512-Ed61U6XJc3CVRfkERJWDz4dJwKe7iLmmJsbOGu9wSloNSFttHV0I8g6UAgb7qnK5ly5bGLPd4oXZlxCdANBOWQ==}
    engines: {node: '>=6.9.0'}
    requiresBuild: true
    dev: false
    optional: true

  /@esbuild/aix-ppc64@0.25.0:
    resolution: {integrity: sha512-O7vun9Sf8DFjH2UtqK8Ku3LkquL9SZL8OLY1T5NZkA34+wG3OQF7cl4Ql8vdNzM6fzBbYfLaiRLIOZ+2FOCgBQ==}
    engines: {node: '>=18'}
    cpu: [ppc64]
    os: [aix]
    requiresBuild: true
    dev: false
    optional: true

  /@esbuild/android-arm64@0.25.0:
    resolution: {integrity: sha512-grvv8WncGjDSyUBjN9yHXNt+cq0snxXbDxy5pJtzMKGmmpPxeAmAhWxXI+01lU5rwZomDgD3kJwulEnhTRUd6g==}
    engines: {node: '>=18'}
    cpu: [arm64]
    os: [android]
    requiresBuild: true
    dev: false
    optional: true

  /@esbuild/android-arm@0.25.0:
    resolution: {integrity: sha512-PTyWCYYiU0+1eJKmw21lWtC+d08JDZPQ5g+kFyxP0V+es6VPPSUhM6zk8iImp2jbV6GwjX4pap0JFbUQN65X1g==}
    engines: {node: '>=18'}
    cpu: [arm]
    os: [android]
    requiresBuild: true
    dev: false
    optional: true

  /@esbuild/android-x64@0.25.0:
    resolution: {integrity: sha512-m/ix7SfKG5buCnxasr52+LI78SQ+wgdENi9CqyCXwjVR2X4Jkz+BpC3le3AoBPYTC9NHklwngVXvbJ9/Akhrfg==}
    engines: {node: '>=18'}
    cpu: [x64]
    os: [android]
    requiresBuild: true
    dev: false
    optional: true

  /@esbuild/darwin-arm64@0.25.0:
    resolution: {integrity: sha512-mVwdUb5SRkPayVadIOI78K7aAnPamoeFR2bT5nszFUZ9P8UpK4ratOdYbZZXYSqPKMHfS1wdHCJk1P1EZpRdvw==}
    engines: {node: '>=18'}
    cpu: [arm64]
    os: [darwin]
    requiresBuild: true
    dev: false
    optional: true

  /@esbuild/darwin-x64@0.25.0:
    resolution: {integrity: sha512-DgDaYsPWFTS4S3nWpFcMn/33ZZwAAeAFKNHNa1QN0rI4pUjgqf0f7ONmXf6d22tqTY+H9FNdgeaAa+YIFUn2Rg==}
    engines: {node: '>=18'}
    cpu: [x64]
    os: [darwin]
    requiresBuild: true
    dev: false
    optional: true

  /@esbuild/freebsd-arm64@0.25.0:
    resolution: {integrity: sha512-VN4ocxy6dxefN1MepBx/iD1dH5K8qNtNe227I0mnTRjry8tj5MRk4zprLEdG8WPyAPb93/e4pSgi1SoHdgOa4w==}
    engines: {node: '>=18'}
    cpu: [arm64]
    os: [freebsd]
    requiresBuild: true
    dev: false
    optional: true

  /@esbuild/freebsd-x64@0.25.0:
    resolution: {integrity: sha512-mrSgt7lCh07FY+hDD1TxiTyIHyttn6vnjesnPoVDNmDfOmggTLXRv8Id5fNZey1gl/V2dyVK1VXXqVsQIiAk+A==}
    engines: {node: '>=18'}
    cpu: [x64]
    os: [freebsd]
    requiresBuild: true
    dev: false
    optional: true

  /@esbuild/linux-arm64@0.25.0:
    resolution: {integrity: sha512-9QAQjTWNDM/Vk2bgBl17yWuZxZNQIF0OUUuPZRKoDtqF2k4EtYbpyiG5/Dk7nqeK6kIJWPYldkOcBqjXjrUlmg==}
    engines: {node: '>=18'}
    cpu: [arm64]
    os: [linux]
    requiresBuild: true
    dev: false
    optional: true

  /@esbuild/linux-arm@0.25.0:
    resolution: {integrity: sha512-vkB3IYj2IDo3g9xX7HqhPYxVkNQe8qTK55fraQyTzTX/fxaDtXiEnavv9geOsonh2Fd2RMB+i5cbhu2zMNWJwg==}
    engines: {node: '>=18'}
    cpu: [arm]
    os: [linux]
    requiresBuild: true
    dev: false
    optional: true

  /@esbuild/linux-ia32@0.25.0:
    resolution: {integrity: sha512-43ET5bHbphBegyeqLb7I1eYn2P/JYGNmzzdidq/w0T8E2SsYL1U6un2NFROFRg1JZLTzdCoRomg8Rvf9M6W6Gg==}
    engines: {node: '>=18'}
    cpu: [ia32]
    os: [linux]
    requiresBuild: true
    dev: false
    optional: true

  /@esbuild/linux-loong64@0.25.0:
    resolution: {integrity: sha512-fC95c/xyNFueMhClxJmeRIj2yrSMdDfmqJnyOY4ZqsALkDrrKJfIg5NTMSzVBr5YW1jf+l7/cndBfP3MSDpoHw==}
    engines: {node: '>=18'}
    cpu: [loong64]
    os: [linux]
    requiresBuild: true
    dev: false
    optional: true

  /@esbuild/linux-mips64el@0.25.0:
    resolution: {integrity: sha512-nkAMFju7KDW73T1DdH7glcyIptm95a7Le8irTQNO/qtkoyypZAnjchQgooFUDQhNAy4iu08N79W4T4pMBwhPwQ==}
    engines: {node: '>=18'}
    cpu: [mips64el]
    os: [linux]
    requiresBuild: true
    dev: false
    optional: true

  /@esbuild/linux-ppc64@0.25.0:
    resolution: {integrity: sha512-NhyOejdhRGS8Iwv+KKR2zTq2PpysF9XqY+Zk77vQHqNbo/PwZCzB5/h7VGuREZm1fixhs4Q/qWRSi5zmAiO4Fw==}
    engines: {node: '>=18'}
    cpu: [ppc64]
    os: [linux]
    requiresBuild: true
    dev: false
    optional: true

  /@esbuild/linux-riscv64@0.25.0:
    resolution: {integrity: sha512-5S/rbP5OY+GHLC5qXp1y/Mx//e92L1YDqkiBbO9TQOvuFXM+iDqUNG5XopAnXoRH3FjIUDkeGcY1cgNvnXp/kA==}
    engines: {node: '>=18'}
    cpu: [riscv64]
    os: [linux]
    requiresBuild: true
    dev: false
    optional: true

  /@esbuild/linux-s390x@0.25.0:
    resolution: {integrity: sha512-XM2BFsEBz0Fw37V0zU4CXfcfuACMrppsMFKdYY2WuTS3yi8O1nFOhil/xhKTmE1nPmVyvQJjJivgDT+xh8pXJA==}
    engines: {node: '>=18'}
    cpu: [s390x]
    os: [linux]
    requiresBuild: true
    dev: false
    optional: true

  /@esbuild/linux-x64@0.25.0:
    resolution: {integrity: sha512-9yl91rHw/cpwMCNytUDxwj2XjFpxML0y9HAOH9pNVQDpQrBxHy01Dx+vaMu0N1CKa/RzBD2hB4u//nfc+Sd3Cw==}
    engines: {node: '>=18'}
    cpu: [x64]
    os: [linux]
    requiresBuild: true
    dev: false
    optional: true

  /@esbuild/netbsd-arm64@0.25.0:
    resolution: {integrity: sha512-RuG4PSMPFfrkH6UwCAqBzauBWTygTvb1nxWasEJooGSJ/NwRw7b2HOwyRTQIU97Hq37l3npXoZGYMy3b3xYvPw==}
    engines: {node: '>=18'}
    cpu: [arm64]
    os: [netbsd]
    requiresBuild: true
    dev: false
    optional: true

  /@esbuild/netbsd-x64@0.25.0:
    resolution: {integrity: sha512-jl+qisSB5jk01N5f7sPCsBENCOlPiS/xptD5yxOx2oqQfyourJwIKLRA2yqWdifj3owQZCL2sn6o08dBzZGQzA==}
    engines: {node: '>=18'}
    cpu: [x64]
    os: [netbsd]
    requiresBuild: true
    dev: false
    optional: true

  /@esbuild/openbsd-arm64@0.25.0:
    resolution: {integrity: sha512-21sUNbq2r84YE+SJDfaQRvdgznTD8Xc0oc3p3iW/a1EVWeNj/SdUCbm5U0itZPQYRuRTW20fPMWMpcrciH2EJw==}
    engines: {node: '>=18'}
    cpu: [arm64]
    os: [openbsd]
    requiresBuild: true
    dev: false
    optional: true

  /@esbuild/openbsd-x64@0.25.0:
    resolution: {integrity: sha512-2gwwriSMPcCFRlPlKx3zLQhfN/2WjJ2NSlg5TKLQOJdV0mSxIcYNTMhk3H3ulL/cak+Xj0lY1Ym9ysDV1igceg==}
    engines: {node: '>=18'}
    cpu: [x64]
    os: [openbsd]
    requiresBuild: true
    dev: false
    optional: true

  /@esbuild/sunos-x64@0.25.0:
    resolution: {integrity: sha512-bxI7ThgLzPrPz484/S9jLlvUAHYMzy6I0XiU1ZMeAEOBcS0VePBFxh1JjTQt3Xiat5b6Oh4x7UC7IwKQKIJRIg==}
    engines: {node: '>=18'}
    cpu: [x64]
    os: [sunos]
    requiresBuild: true
    dev: false
    optional: true

  /@esbuild/win32-arm64@0.25.0:
    resolution: {integrity: sha512-ZUAc2YK6JW89xTbXvftxdnYy3m4iHIkDtK3CLce8wg8M2L+YZhIvO1DKpxrd0Yr59AeNNkTiic9YLf6FTtXWMw==}
    engines: {node: '>=18'}
    cpu: [arm64]
    os: [win32]
    requiresBuild: true
    dev: false
    optional: true

  /@esbuild/win32-ia32@0.25.0:
    resolution: {integrity: sha512-eSNxISBu8XweVEWG31/JzjkIGbGIJN/TrRoiSVZwZ6pkC6VX4Im/WV2cz559/TXLcYbcrDN8JtKgd9DJVIo8GA==}
    engines: {node: '>=18'}
    cpu: [ia32]
    os: [win32]
    requiresBuild: true
    dev: false
    optional: true

  /@esbuild/win32-x64@0.25.0:
    resolution: {integrity: sha512-ZENoHJBxA20C2zFzh6AI4fT6RraMzjYw4xKWemRTRmRVtN9c5DcH9r/f2ihEkMjOW5eGgrwCslG/+Y/3bL+DHQ==}
    engines: {node: '>=18'}
    cpu: [x64]
    os: [win32]
    requiresBuild: true
    dev: false
    optional: true

  /@hyrious/esbuild-plugin-commonjs@0.2.4(esbuild@0.25.0):
    resolution: {integrity: sha512-NKR8bsDbNP7EpM//cjoo8Bpihmc97gPpnwrggG+18iSGow6oaJpfmy3Bv+oBgPkPlxcGzC9SXh+6szoCoKFvCw==}
    engines: {node: '>=14'}
    peerDependencies:
      cjs-module-lexer: '*'
      esbuild: '*'
    peerDependenciesMeta:
      cjs-module-lexer:
        optional: true
    dependencies:
      esbuild: 0.25.0
    dev: false

  /@jridgewell/gen-mapping@0.3.8:
    resolution: {integrity: sha512-imAbBGkb+ebQyxKgzv5Hu2nmROxoDOXHh80evxdoXNOrvAnVx7zimzc1Oo5h9RlfV4vPXaE2iM5pOFbvOCClWA==}
    engines: {node: '>=6.0.0'}
    dependencies:
      '@jridgewell/set-array': 1.2.1
      '@jridgewell/sourcemap-codec': 1.5.0
      '@jridgewell/trace-mapping': 0.3.25
    dev: false

  /@jridgewell/resolve-uri@3.1.2:
    resolution: {integrity: sha512-bRISgCIjP20/tbWSPWMEi54QVPRZExkuD9lJL+UIxUKtwVJA8wW1Trb1jMs1RFXo1CBTNZ/5hpC9QvmKWdopKw==}
    engines: {node: '>=6.0.0'}
    dev: false

  /@jridgewell/set-array@1.2.1:
    resolution: {integrity: sha512-R8gLRTZeyp03ymzP/6Lil/28tGeGEzhx1q2k703KGWRAI1VdvPIXdG70VJc2pAMw3NA6JKL5hhFu1sJX0Mnn/A==}
    engines: {node: '>=6.0.0'}
    dev: false

  /@jridgewell/source-map@0.3.6:
    resolution: {integrity: sha512-1ZJTZebgqllO79ue2bm3rIGud/bOe0pP5BjSRCRxxYkEZS8STV7zN84UBbiYu7jy+eCKSnVIUgoWWE/tt+shMQ==}
    dependencies:
      '@jridgewell/gen-mapping': 0.3.8
      '@jridgewell/trace-mapping': 0.3.25
    dev: false

  /@jridgewell/sourcemap-codec@1.5.0:
    resolution: {integrity: sha512-gv3ZRaISU3fjPAgNsriBRqGWQL6quFx04YMPW/zD8XMLsU32mhCCbfbO6KZFLjvYpCZ8zyDEgqsgf+PwPaM7GQ==}

  /@jridgewell/trace-mapping@0.3.25:
    resolution: {integrity: sha512-vNk6aEwybGtawWmy/PzwnGDOjCkLWSD2wqvjGGAgOAwCGWySYXfYoxt00IJkTF+8Lb57DwOb3Aa0o9CApepiYQ==}
    dependencies:
      '@jridgewell/resolve-uri': 3.1.2
      '@jridgewell/sourcemap-codec': 1.5.0
    dev: false

  /@module-federation/error-codes@0.8.4:
    resolution: {integrity: sha512-55LYmrDdKb4jt+qr8qE8U3al62ZANp3FhfVaNPOaAmdTh0jHdD8M3yf5HKFlr5xVkVO4eV/F/J2NCfpbh+pEXQ==}
    dev: true

  /@module-federation/runtime-tools@0.8.4:
    resolution: {integrity: sha512-fjVOsItJ1u5YY6E9FnS56UDwZgqEQUrWFnouRiPtK123LUuqUI9FH4redZoKWlE1PB0ir1Z3tnqy8eFYzPO38Q==}
    dependencies:
      '@module-federation/runtime': 0.8.4
      '@module-federation/webpack-bundler-runtime': 0.8.4
    dev: true

  /@module-federation/runtime@0.8.4:
    resolution: {integrity: sha512-yZeZ7z2Rx4gv/0E97oLTF3V6N25vglmwXGgoeju/W2YjsFvWzVtCDI7zRRb0mJhU6+jmSM8jP1DeQGbea/AiZQ==}
    dependencies:
      '@module-federation/error-codes': 0.8.4
      '@module-federation/sdk': 0.8.4
    dev: true

  /@module-federation/sdk@0.8.4:
    resolution: {integrity: sha512-waABomIjg/5m1rPDBWYG4KUhS5r7OUUY7S+avpaVIY/tkPWB3ibRDKy2dNLLAMaLKq0u+B1qIdEp4NIWkqhqpg==}
    dependencies:
      isomorphic-rslog: 0.0.6
    dev: true

  /@module-federation/webpack-bundler-runtime@0.8.4:
    resolution: {integrity: sha512-HggROJhvHPUX7uqBD/XlajGygMNM1DG0+4OAkk8MBQe4a18QzrRNzZt6XQbRTSG4OaEoyRWhQHvYD3Yps405tQ==}
    dependencies:
      '@module-federation/runtime': 0.8.4
      '@module-federation/sdk': 0.8.4
    dev: true

  /@nodelib/fs.scandir@2.1.5:
    resolution: {integrity: sha512-vq24Bq3ym5HEQm2NKCr3yXDwjc7vTsEThRDnkp2DK9p1uqLR+DHurm/NOTo0KG7HYHU7eppKZj3MyqYuMBf62g==}
    engines: {node: '>= 8'}
    dependencies:
      '@nodelib/fs.stat': 2.0.5
      run-parallel: 1.2.0
    dev: true

  /@nodelib/fs.stat@2.0.5:
    resolution: {integrity: sha512-RkhPPp2zrqDAQA/2jNhnztcPAlv64XdhIp7a7454A5ovI7Bukxgt7MX7udwAu3zg1DcpPU0rz3VV1SeaqvY4+A==}
    engines: {node: '>= 8'}
    dev: true

  /@nodelib/fs.walk@1.2.8:
    resolution: {integrity: sha512-oGB+UxlgWcgQkgwo8GcEGwemoTFt3FIO9ababBmaGwXIoBKZ+GTy0pP185beGg7Llih/NSHSV2XAs1lnznocSg==}
    engines: {node: '>= 8'}
    dependencies:
      '@nodelib/fs.scandir': 2.1.5
      fastq: 1.19.0
    dev: true

  /@rollup/rollup-android-arm-eabi@4.34.7:
    resolution: {integrity: sha512-l6CtzHYo8D2TQ3J7qJNpp3Q1Iye56ssIAtqbM2H8axxCEEwvN7o8Ze9PuIapbxFL3OHrJU2JBX6FIIVnP/rYyw==}
    cpu: [arm]
    os: [android]
    requiresBuild: true
    dev: false
    optional: true

  /@rollup/rollup-android-arm64@4.34.7:
    resolution: {integrity: sha512-KvyJpFUueUnSp53zhAa293QBYqwm94TgYTIfXyOTtidhm5V0LbLCJQRGkQClYiX3FXDQGSvPxOTD/6rPStMMDg==}
    cpu: [arm64]
    os: [android]
    requiresBuild: true
    dev: false
    optional: true

  /@rollup/rollup-darwin-arm64@4.34.7:
    resolution: {integrity: sha512-jq87CjmgL9YIKvs8ybtIC98s/M3HdbqXhllcy9EdLV0yMg1DpxES2gr65nNy7ObNo/vZ/MrOTxt0bE5LinL6mA==}
    cpu: [arm64]
    os: [darwin]
    requiresBuild: true
    dev: false
    optional: true

  /@rollup/rollup-darwin-x64@4.34.7:
    resolution: {integrity: sha512-rSI/m8OxBjsdnMMg0WEetu/w+LhLAcCDEiL66lmMX4R3oaml3eXz3Dxfvrxs1FbzPbJMaItQiksyMfv1hoIxnA==}
    cpu: [x64]
    os: [darwin]
    requiresBuild: true
    dev: false
    optional: true

  /@rollup/rollup-freebsd-arm64@4.34.7:
    resolution: {integrity: sha512-oIoJRy3ZrdsXpFuWDtzsOOa/E/RbRWXVokpVrNnkS7npz8GEG++E1gYbzhYxhxHbO2om1T26BZjVmdIoyN2WtA==}
    cpu: [arm64]
    os: [freebsd]
    requiresBuild: true
    dev: false
    optional: true

  /@rollup/rollup-freebsd-x64@4.34.7:
    resolution: {integrity: sha512-X++QSLm4NZfZ3VXGVwyHdRf58IBbCu9ammgJxuWZYLX0du6kZvdNqPwrjvDfwmi6wFdvfZ/s6K7ia0E5kI7m8Q==}
    cpu: [x64]
    os: [freebsd]
    requiresBuild: true
    dev: false
    optional: true

  /@rollup/rollup-linux-arm-gnueabihf@4.34.7:
    resolution: {integrity: sha512-Z0TzhrsNqukTz3ISzrvyshQpFnFRfLunYiXxlCRvcrb3nvC5rVKI+ZXPFG/Aa4jhQa1gHgH3A0exHaRRN4VmdQ==}
    cpu: [arm]
    os: [linux]
    requiresBuild: true
    dev: false
    optional: true

  /@rollup/rollup-linux-arm-musleabihf@4.34.7:
    resolution: {integrity: sha512-nkznpyXekFAbvFBKBy4nNppSgneB1wwG1yx/hujN3wRnhnkrYVugMTCBXED4+Ni6thoWfQuHNYbFjgGH0MBXtw==}
    cpu: [arm]
    os: [linux]
    requiresBuild: true
    dev: false
    optional: true

  /@rollup/rollup-linux-arm64-gnu@4.34.7:
    resolution: {integrity: sha512-KCjlUkcKs6PjOcxolqrXglBDcfCuUCTVlX5BgzgoJHw+1rWH1MCkETLkLe5iLLS9dP5gKC7mp3y6x8c1oGBUtA==}
    cpu: [arm64]
    os: [linux]
    requiresBuild: true
    dev: false
    optional: true

  /@rollup/rollup-linux-arm64-musl@4.34.7:
    resolution: {integrity: sha512-uFLJFz6+utmpbR313TTx+NpPuAXbPz4BhTQzgaP0tozlLnGnQ6rCo6tLwaSa6b7l6gRErjLicXQ1iPiXzYotjw==}
    cpu: [arm64]
    os: [linux]
    requiresBuild: true
    dev: false
    optional: true

  /@rollup/rollup-linux-loongarch64-gnu@4.34.7:
    resolution: {integrity: sha512-ws8pc68UcJJqCpneDFepnwlsMUFoWvPbWXT/XUrJ7rWUL9vLoIN3GAasgG+nCvq8xrE3pIrd+qLX/jotcLy0Qw==}
    cpu: [loong64]
    os: [linux]
    requiresBuild: true
    dev: false
    optional: true

  /@rollup/rollup-linux-powerpc64le-gnu@4.34.7:
    resolution: {integrity: sha512-vrDk9JDa/BFkxcS2PbWpr0C/LiiSLxFbNOBgfbW6P8TBe9PPHx9Wqbvx2xgNi1TOAyQHQJ7RZFqBiEohm79r0w==}
    cpu: [ppc64]
    os: [linux]
    requiresBuild: true
    dev: false
    optional: true

  /@rollup/rollup-linux-riscv64-gnu@4.34.7:
    resolution: {integrity: sha512-rB+ejFyjtmSo+g/a4eovDD1lHWHVqizN8P0Hm0RElkINpS0XOdpaXloqM4FBkF9ZWEzg6bezymbpLmeMldfLTw==}
    cpu: [riscv64]
    os: [linux]
    requiresBuild: true
    dev: false
    optional: true

  /@rollup/rollup-linux-s390x-gnu@4.34.7:
    resolution: {integrity: sha512-nNXNjo4As6dNqRn7OrsnHzwTgtypfRA3u3AKr0B3sOOo+HkedIbn8ZtFnB+4XyKJojIfqDKmbIzO1QydQ8c+Pw==}
    cpu: [s390x]
    os: [linux]
    requiresBuild: true
    dev: false
    optional: true

  /@rollup/rollup-linux-x64-gnu@4.34.7:
    resolution: {integrity: sha512-9kPVf9ahnpOMSGlCxXGv980wXD0zRR3wyk8+33/MXQIpQEOpaNe7dEHm5LMfyRZRNt9lMEQuH0jUKj15MkM7QA==}
    cpu: [x64]
    os: [linux]
    requiresBuild: true
    dev: false
    optional: true

  /@rollup/rollup-linux-x64-musl@4.34.7:
    resolution: {integrity: sha512-7wJPXRWTTPtTFDFezA8sle/1sdgxDjuMoRXEKtx97ViRxGGkVQYovem+Q8Pr/2HxiHp74SSRG+o6R0Yq0shPwQ==}
    cpu: [x64]
    os: [linux]
    requiresBuild: true
    dev: false
    optional: true

  /@rollup/rollup-win32-arm64-msvc@4.34.7:
    resolution: {integrity: sha512-MN7aaBC7mAjsiMEZcsJvwNsQVNZShgES/9SzWp1HC9Yjqb5OpexYnRjF7RmE4itbeesHMYYQiAtUAQaSKs2Rfw==}
    cpu: [arm64]
    os: [win32]
    requiresBuild: true
    dev: false
    optional: true

  /@rollup/rollup-win32-ia32-msvc@4.34.7:
    resolution: {integrity: sha512-aeawEKYswsFu1LhDM9RIgToobquzdtSc4jSVqHV8uApz4FVvhFl/mKh92wc8WpFc6aYCothV/03UjY6y7yLgbg==}
    cpu: [ia32]
    os: [win32]
    requiresBuild: true
    dev: false
    optional: true

  /@rollup/rollup-win32-x64-msvc@4.34.7:
    resolution: {integrity: sha512-4ZedScpxxIrVO7otcZ8kCX1mZArtH2Wfj3uFCxRJ9NO80gg1XV0U/b2f/MKaGwj2X3QopHfoWiDQ917FRpwY3w==}
    cpu: [x64]
    os: [win32]
    requiresBuild: true
    dev: false
    optional: true

  /@rsbuild/core@1.2.0-beta.0:
    resolution: {integrity: sha512-gS1vTTbnYYjIpraEjRPhFMf1iH2rFrnV3cc3H6ZgAFQsksZzgYJyZBvAuigKPUW4SIl1mgnmMGWhLwZHgyZzOg==}
    engines: {node: '>=16.7.0'}
    hasBin: true
    dependencies:
      '@rspack/core': 1.2.0-beta.0(@swc/helpers@0.5.15)
      '@rspack/lite-tapable': 1.0.1
      '@swc/helpers': 0.5.15
      core-js: 3.39.0
    dev: true

  /@rslib/core@0.3.1(typescript@5.7.3):
    resolution: {integrity: sha512-CWGCoEEUC2/29MKcdtW6/QbjGR+7tEHZc9/w7pGG8fZAKtPAZx/lYNi/N63e/Q/MVWeU4GYRpG89EROFRantPQ==}
    engines: {node: '>=16.0.0'}
    hasBin: true
    peerDependencies:
      '@microsoft/api-extractor': ^7
      typescript: ^5
    peerDependenciesMeta:
      '@microsoft/api-extractor':
        optional: true
      typescript:
        optional: true
    dependencies:
      '@rsbuild/core': 1.2.0-beta.0
      rsbuild-plugin-dts: 0.3.1(@rsbuild/core@1.2.0-beta.0)(typescript@5.7.3)
      tinyglobby: 0.2.10
      typescript: 5.7.3
    dev: true

  /@rspack/binding-darwin-arm64@1.2.0-beta.0:
    resolution: {integrity: sha512-g8NgY4OIjZf5LabAKOHNr2rs/WzVaxXpOSVsdHztQL6ETdeEpIPUul4p/5zivFNcrvJxVVeHzKJHyB5lqxDcTA==}
    cpu: [arm64]
    os: [darwin]
    requiresBuild: true
    dev: true
    optional: true

  /@rspack/binding-darwin-x64@1.2.0-beta.0:
    resolution: {integrity: sha512-+BH/1UpG96exJc6KhDOiSHAb05bUwxbYCd37HAJwcLxQgB7IEmPtBYvV5CtHysteM5NBtbNeeAcyXK+dIYvUew==}
    cpu: [x64]
    os: [darwin]
    requiresBuild: true
    dev: true
    optional: true

  /@rspack/binding-linux-arm64-gnu@1.2.0-beta.0:
    resolution: {integrity: sha512-LdIBNy5WAXJ1J9nB3bEyvqz7mJrMN/7cCtPHMmFBR1aTFbh1NAjYZl24fc+f59aSV5jAU9wfTrOtqtSwnXg4tQ==}
    cpu: [arm64]
    os: [linux]
    requiresBuild: true
    dev: true
    optional: true

  /@rspack/binding-linux-arm64-musl@1.2.0-beta.0:
    resolution: {integrity: sha512-4tRi87UyEWV25X6Ul68kJJ/de/cwmASmrIUrCYmdWEdtWMN46UOz0OvxCYvcHTf0DCP8M1CZf0cSiRuG/hsxGA==}
    cpu: [arm64]
    os: [linux]
    requiresBuild: true
    dev: true
    optional: true

  /@rspack/binding-linux-x64-gnu@1.2.0-beta.0:
    resolution: {integrity: sha512-rWWrPwUH3V4yG46acZDIlqr7H/yCxbu+WdPhdIRBvgT7bisQkZa2HYx6MXmUXxx94U2iFy5bh+un0ho5FZOeCg==}
    cpu: [x64]
    os: [linux]
    requiresBuild: true
    dev: true
    optional: true

  /@rspack/binding-linux-x64-musl@1.2.0-beta.0:
    resolution: {integrity: sha512-9pgL17Bk8aSrTBx6VfQbb313RInDjlY9DfgV5ybbSsWaFs/oAs4oPy+kepWWixfb9Y2q/74bSBPrBNTBYQpknw==}
    cpu: [x64]
    os: [linux]
    requiresBuild: true
    dev: true
    optional: true

  /@rspack/binding-win32-arm64-msvc@1.2.0-beta.0:
    resolution: {integrity: sha512-JQ06Q3uTclIk4AvKUqx0Royx2PqVcUuumEUFVWERbd01fntkQqI3RFrPazBYAIvk5JmXk40+CKA1CsFef4RKOA==}
    cpu: [arm64]
    os: [win32]
    requiresBuild: true
    dev: true
    optional: true

  /@rspack/binding-win32-ia32-msvc@1.2.0-beta.0:
    resolution: {integrity: sha512-rNz/sXjXLAqCZkDuTumqm9Aa47Hiu45+vkJ0XvbirJ0A+dzuyGjdtlinwLyZtCY+dVAlS+AcX5znJLlpTSnjjA==}
    cpu: [ia32]
    os: [win32]
    requiresBuild: true
    dev: true
    optional: true

  /@rspack/binding-win32-x64-msvc@1.2.0-beta.0:
    resolution: {integrity: sha512-LKFcgaeEo7G6YLE5aKIbeWzXUpVZc02u0q4as0TjTTRBHd8r21GeaGJVh1Xm9YBkHpIX8Ho1DMftYVd+F6gHzw==}
    cpu: [x64]
    os: [win32]
    requiresBuild: true
    dev: true
    optional: true

  /@rspack/binding@1.2.0-beta.0:
    resolution: {integrity: sha512-ZUBWVKCVC3uunZhjH7FAVLP83r/6QvPmYViA6n0JF3ycBmcJLkHJb26v42j6d5EfYfTtNvfRUlzHckIkFDQeDQ==}
    optionalDependencies:
      '@rspack/binding-darwin-arm64': 1.2.0-beta.0
      '@rspack/binding-darwin-x64': 1.2.0-beta.0
      '@rspack/binding-linux-arm64-gnu': 1.2.0-beta.0
      '@rspack/binding-linux-arm64-musl': 1.2.0-beta.0
      '@rspack/binding-linux-x64-gnu': 1.2.0-beta.0
      '@rspack/binding-linux-x64-musl': 1.2.0-beta.0
      '@rspack/binding-win32-arm64-msvc': 1.2.0-beta.0
      '@rspack/binding-win32-ia32-msvc': 1.2.0-beta.0
      '@rspack/binding-win32-x64-msvc': 1.2.0-beta.0
    dev: true

  /@rspack/core@1.2.0-beta.0(@swc/helpers@0.5.15):
    resolution: {integrity: sha512-0o0EYNeCwbRrh1l+P6HEKGS3Y+SVE/+J6SqDGGBsOixt/YzFeYNeaePWUnFfQ8a27jp9s//Ix6iuxMYGjWmitA==}
    engines: {node: '>=16.0.0'}
    peerDependencies:
      '@swc/helpers': '>=0.5.1'
    peerDependenciesMeta:
      '@swc/helpers':
        optional: true
    dependencies:
      '@module-federation/runtime-tools': 0.8.4
      '@rspack/binding': 1.2.0-beta.0
      '@rspack/lite-tapable': 1.0.1
      '@swc/helpers': 0.5.15
      caniuse-lite: 1.0.30001699
    dev: true

  /@rspack/lite-tapable@1.0.1:
    resolution: {integrity: sha512-VynGOEsVw2s8TAlLf/uESfrgfrq2+rcXB1muPJYBWbsm1Oa6r5qVQhjA5ggM6z/coYPrsVMgovl3Ff7Q7OCp1w==}
    engines: {node: '>=16.0.0'}
    dev: true

  /@swc/helpers@0.5.15:
    resolution: {integrity: sha512-JQ5TuMi45Owi4/BIMAJBoSQoOJu12oOk/gADqlcUL9JEdHB8vyjUSsxqeNXnmXHjYKMi2WcYtezGEEhqUI/E2g==}
    dependencies:
      tslib: 2.8.1
    dev: true

  /@types/estree@1.0.6:
    resolution: {integrity: sha512-AYnb1nQyY49te+VRAVgmzfcgjYS91mY5P0TKUDCLEM+gNnA+3T6rWITXRLYCpahpqSQbN5cE+gHpnPyXjHWxcw==}
    dev: false

  /@types/fs-extra@11.0.4:
    resolution: {integrity: sha512-yTbItCNreRooED33qjunPthRcSjERP1r4MqCZc7wv0u2sUkzTFp45tgUfS5+r7FrZPdmCCNflLhVSP/o+SemsQ==}
    dependencies:
      '@types/jsonfile': 6.1.4
      '@types/node': 22.10.7
    dev: true

  /@types/jsonfile@6.1.4:
    resolution: {integrity: sha512-D5qGUYwjvnNNextdU59/+fI+spnwtTFmyQP0h+PfIOSkNfpU6AOICUOkm4i0OnSk+NyjdPJrxCDro0sJsWlRpQ==}
    dependencies:
      '@types/node': 22.10.7
    dev: true

  /@types/node@22.10.7:
    resolution: {integrity: sha512-V09KvXxFiutGp6B7XkpaDXlNadZxrzajcY50EuoLIpQ6WWYCSvf19lVIazzfIzQvhUN2HjX12spLojTnhuKlGg==}
    dependencies:
      undici-types: 6.20.0
    dev: true

  /@vercel/ncc@0.38.3:
    resolution: {integrity: sha512-rnK6hJBS6mwc+Bkab+PGPs9OiS0i/3kdTO+CkI8V0/VrW3vmz7O2Pxjw/owOlmo6PKEIxRSeZKv/kuL9itnpYA==}
    hasBin: true
    dev: false

  /acorn@8.14.0:
    resolution: {integrity: sha512-cl669nCJTZBsL97OF4kUQm5g5hC2uihk0NxY3WENAC0TYdILVkAyHymAntgxGkl7K+t0cXIrH5siy5S4XkFycA==}
    engines: {node: '>=0.4.0'}
    hasBin: true
    dev: false

  /braces@3.0.3:
    resolution: {integrity: sha512-yQbXgO/OSZVD2IsiLlro+7Hf6Q18EJrKSEsdoMzKePKXct3gvD8oLcOQdIzGupr5Fj+EDe8gO/lxc1BzfMpxvA==}
    engines: {node: '>=8'}
    dependencies:
      fill-range: 7.1.1
    dev: true

  /buffer-from@1.1.2:
    resolution: {integrity: sha512-E+XQCRwSbaaiChtv6k6Dwgc+bx+Bs6vuKJHHl5kox/BaKbhiXzqQOwK4cO22yElGp2OCmjwVhT3HmxgyPGnJfQ==}
    dev: false

  /caniuse-lite@1.0.30001699:
    resolution: {integrity: sha512-b+uH5BakXZ9Do9iK+CkDmctUSEqZl+SP056vc5usa0PL+ev5OHw003rZXcnjNDv3L8P5j6rwT6C0BPKSikW08w==}
    dev: true

  /commander@2.20.3:
    resolution: {integrity: sha512-GpVkmM8vF2vQUkj2LvZmD35JxeJOLCwJ9cUkugyk2nuhbv3+mJvpLYYt+0+USMxE+oj+ey/lJEnhZw75x/OMcQ==}
    dev: false

  /core-js@3.39.0:
    resolution: {integrity: sha512-raM0ew0/jJUqkJ0E6e8UDtl+y/7ktFivgWvqw8dNSQeNWoSDLvQ1H/RN3aPXB9tBd4/FhyR4RDPGhsNIMsAn7g==}
    requiresBuild: true
    dev: true

  /esbuild@0.25.0:
    resolution: {integrity: sha512-BXq5mqc8ltbaN34cDqWuYKyNhX8D/Z0J1xdtdQ8UcIIIyJyz+ZMKUt58tF3SrZ85jcfN/PZYhjR5uDQAYNVbuw==}
    engines: {node: '>=18'}
    hasBin: true
    requiresBuild: true
    optionalDependencies:
      '@esbuild/aix-ppc64': 0.25.0
      '@esbuild/android-arm': 0.25.0
      '@esbuild/android-arm64': 0.25.0
      '@esbuild/android-x64': 0.25.0
      '@esbuild/darwin-arm64': 0.25.0
      '@esbuild/darwin-x64': 0.25.0
      '@esbuild/freebsd-arm64': 0.25.0
      '@esbuild/freebsd-x64': 0.25.0
      '@esbuild/linux-arm': 0.25.0
      '@esbuild/linux-arm64': 0.25.0
      '@esbuild/linux-ia32': 0.25.0
      '@esbuild/linux-loong64': 0.25.0
      '@esbuild/linux-mips64el': 0.25.0
      '@esbuild/linux-ppc64': 0.25.0
      '@esbuild/linux-riscv64': 0.25.0
      '@esbuild/linux-s390x': 0.25.0
      '@esbuild/linux-x64': 0.25.0
      '@esbuild/netbsd-arm64': 0.25.0
      '@esbuild/netbsd-x64': 0.25.0
      '@esbuild/openbsd-arm64': 0.25.0
      '@esbuild/openbsd-x64': 0.25.0
      '@esbuild/sunos-x64': 0.25.0
      '@esbuild/win32-arm64': 0.25.0
      '@esbuild/win32-ia32': 0.25.0
      '@esbuild/win32-x64': 0.25.0
    dev: false

  /fast-glob@3.3.3:
    resolution: {integrity: sha512-7MptL8U0cqcFdzIzwOTHoilX9x5BrNqye7Z/LuC7kCMRio1EMSyqRK3BEAUD7sXRq4iT4AzTVuZdhgQ2TCvYLg==}
    engines: {node: '>=8.6.0'}
    dependencies:
      '@nodelib/fs.stat': 2.0.5
      '@nodelib/fs.walk': 1.2.8
      glob-parent: 5.1.2
      merge2: 1.4.1
      micromatch: 4.0.8
    dev: true

  /fastq@1.19.0:
    resolution: {integrity: sha512-7SFSRCNjBQIZH/xZR3iy5iQYR8aGBE0h3VG6/cwlbrpdciNYBMotQav8c1XI3HjHH+NikUpP53nPdlZSdWmFzA==}
    dependencies:
      reusify: 1.0.4
    dev: true

  /fdir@6.4.3(picomatch@4.0.2):
    resolution: {integrity: sha512-PMXmW2y1hDDfTSRc9gaXIuCCRpuoz3Kaz8cUelp3smouvfT632ozg2vrT6lJsHKKOF59YLbOGfAWGUcKEfRMQw==}
    peerDependencies:
      picomatch: ^3 || ^4
    peerDependenciesMeta:
      picomatch:
        optional: true
    dependencies:
      picomatch: 4.0.2
    dev: true

  /fill-range@7.1.1:
    resolution: {integrity: sha512-YsGpe3WHLK8ZYi4tWDg2Jy3ebRz2rXowDxnld4bkQB00cc/1Zw9AWnC0i9ztDJitivtQvaI9KaLyKrc+hBW0yg==}
    engines: {node: '>=8'}
    dependencies:
      to-regex-range: 5.0.1
    dev: true

  /fs-extra@11.3.0:
    resolution: {integrity: sha512-Z4XaCL6dUDHfP/jT25jJKMmtxvuwbkrD1vNSMFlo9lNLY2c5FHYSQgHPRZUjAB26TpDEoW9HCOgplrdbaPV/ew==}
    engines: {node: '>=14.14'}
    dependencies:
      graceful-fs: 4.2.11
      jsonfile: 6.1.0
      universalify: 2.0.1
    dev: true

  /fsevents@2.3.3:
    resolution: {integrity: sha512-5xoDfX+fL7faATnagmWPpbFtwh/R77WmMMqqHGS65C3vvB0YHrgF+B1YmZ3441tMj5n63k0212XNoJwzlhffQw==}
    engines: {node: ^8.16.0 || ^10.6.0 || >=11.0.0}
    os: [darwin]
    requiresBuild: true
    dev: false
    optional: true

  /glob-parent@5.1.2:
    resolution: {integrity: sha512-AOIgSQCepiJYwP3ARnGx+5VnTu2HBYdzbGP45eLw1vr3zB3vZLeyed1sC9hnbcOc9/SrMyM5RPQrkGz4aS9Zow==}
    engines: {node: '>= 6'}
    dependencies:
      is-glob: 4.0.3
    dev: true

  /graceful-fs@4.2.11:
    resolution: {integrity: sha512-RbJ5/jmFcNNCcDV5o9eTnBLJ/HszWV0P73bc+Ff4nS/rJj+YaS6IGyiOL0VoBYX+l1Wrl3k63h/KrH+nhJ0XvQ==}
    dev: true

  /is-extglob@2.1.1:
    resolution: {integrity: sha512-SbKbANkN603Vi4jEZv49LeVJMn4yGwsbzZworEoyEiutsN3nJYdbO36zfhGJ6QEDpOZIFkDtnq5JRxmvl3jsoQ==}
    engines: {node: '>=0.10.0'}
    dev: true

  /is-glob@4.0.3:
    resolution: {integrity: sha512-xelSayHH36ZgE7ZWhli7pW34hNbNl8Ojv5KVmkJD4hBdD3th8Tfk9vYasLM+mXWOZhFkgZfxhLSnrwRr4elSSg==}
    engines: {node: '>=0.10.0'}
    dependencies:
      is-extglob: 2.1.1
    dev: true

  /is-number@7.0.0:
    resolution: {integrity: sha512-41Cifkg6e8TylSpdtTpeLVMqvSBEVzTttHvERD741+pnZ8ANv0004MRL43QKPDlK9cGvNp6NZWZUBlbGXYxxng==}
    engines: {node: '>=0.12.0'}
    dev: true

  /isomorphic-rslog@0.0.6:
    resolution: {integrity: sha512-HM0q6XqQ93psDlqvuViNs/Ea3hAyGDkIdVAHlrEocjjAwGrs1fZ+EdQjS9eUPacnYB7Y8SoDdSY3H8p3ce205A==}
    engines: {node: '>=14.17.6'}
    dev: true

  /js-tokens@4.0.0:
    resolution: {integrity: sha512-RdJUflcE3cUzKiMqQgsCu06FPu9UdIJO0beYbPhHN4k6apgJtifcoCtT9bcxOpYBtpD2kCM6Sbzg4CausW/PKQ==}
    requiresBuild: true
    dev: false
    optional: true

  /jsonfile@6.1.0:
    resolution: {integrity: sha512-5dgndWOriYSm5cnYaJNhalLNDKOqFwyDB/rr1E9ZsGciGvKPs8R2xYGCacuf3z6K1YKDz182fd+fY3cn3pMqXQ==}
    dependencies:
      universalify: 2.0.1
    optionalDependencies:
      graceful-fs: 4.2.11
    dev: true

  /magic-string@0.30.17:
    resolution: {integrity: sha512-sNPKHvyjVf7gyjwS4xGTaW/mCnF8wnjtifKBEhxfZ7E/S8tQ0rssrwGNn6q8JH/ohItJfSQp9mBtQYuTlH5QnA==}
    dependencies:
      '@jridgewell/sourcemap-codec': 1.5.0

  /merge2@1.4.1:
    resolution: {integrity: sha512-8q7VEgMJW4J8tcfVPy8g09NcQwZdbwFEqhe/WZkoIzjn/3TGDwtOCYtXGxA3O8tPzpczCCDgv+P2P5y00ZJOOg==}
    engines: {node: '>= 8'}
    dev: true

  /micromatch@4.0.8:
    resolution: {integrity: sha512-PXwfBhYu0hBCPw8Dn0E+WDYb7af3dSLVWKi3HGv84IdF4TyFoC0ysxFd0Goxw7nSv4T/PzEJQxsYsEiFCKo2BA==}
    engines: {node: '>=8.6'}
    dependencies:
      braces: 3.0.3
      picomatch: 2.3.1
    dev: true

  /picocolors@1.1.1:
    resolution: {integrity: sha512-xceH2snhtb5M9liqDsmEw56le376mTZkEX/jEb/RxNFyegNul7eNslCXP9FDj/Lcu0X8KEyMceP2ntpaHrDEVA==}

  /picomatch@2.3.1:
    resolution: {integrity: sha512-JU3teHTNjmE2VCGFzuY8EXzCDVwEqB2a8fsIvwaStHhAWJEeVd1o1QD80CU6+ZdEXXSLbSsuLwJjkCBWqRQUVA==}
    engines: {node: '>=8.6'}
    dev: true

  /picomatch@4.0.2:
    resolution: {integrity: sha512-M7BAV6Rlcy5u+m6oPhAPFgJTzAioX/6B0DxyvDlo9l8+T3nLKbrczg2WLUyzd45L8RqfUMyGPzekbMvX2Ldkwg==}
    engines: {node: '>=12'}
    dev: true

  /prettier@3.5.1:
    resolution: {integrity: sha512-hPpFQvHwL3Qv5AdRvBFMhnKo4tYxp0ReXiPn2bxkiohEX6mBeBwEpBSQTkD458RaaDKQMYSp4hX4UtfUTA5wDw==}
    engines: {node: '>=14'}
    hasBin: true
    dev: false

  /queue-microtask@1.2.3:
    resolution: {integrity: sha512-NuaNSa6flKT5JaSYQzJok04JzTL1CA6aGhv5rfLW3PgqA+M2ChpZQnAC8h8i4ZFkBS8X5RqkDBHA7r4hej3K9A==}
    dev: true

  /reusify@1.0.4:
    resolution: {integrity: sha512-U9nH88a3fc/ekCF1l0/UP1IosiuIjyTh7hBvXVMHYgVcfGvt897Xguj2UOLDeI5BG2m7/uwyaLVT6fbtCwTyzw==}
    engines: {iojs: '>=1.0.0', node: '>=0.10.0'}
    dev: true

  /rollup-plugin-dts@6.1.1(rollup@4.34.7)(typescript@5.7.3):
    resolution: {integrity: sha512-aSHRcJ6KG2IHIioYlvAOcEq6U99sVtqDDKVhnwt70rW6tsz3tv5OSjEiWcgzfsHdLyGXZ/3b/7b/+Za3Y6r1XA==}
    engines: {node: '>=16'}
    peerDependencies:
      rollup: ^3.29.4 || ^4
      typescript: ^4.5 || ^5.0
    dependencies:
      magic-string: 0.30.17
      rollup: 4.34.7
      typescript: 5.7.3
    optionalDependencies:
      '@babel/code-frame': 7.26.2
    dev: false

  /rollup@4.34.7:
    resolution: {integrity: sha512-8qhyN0oZ4x0H6wmBgfKxJtxM7qS98YJ0k0kNh5ECVtuchIJ7z9IVVvzpmtQyT10PXKMtBxYr1wQ5Apg8RS8kXQ==}
    engines: {node: '>=18.0.0', npm: '>=8.0.0'}
    hasBin: true
    dependencies:
      '@types/estree': 1.0.6
    optionalDependencies:
      '@rollup/rollup-android-arm-eabi': 4.34.7
      '@rollup/rollup-android-arm64': 4.34.7
      '@rollup/rollup-darwin-arm64': 4.34.7
      '@rollup/rollup-darwin-x64': 4.34.7
      '@rollup/rollup-freebsd-arm64': 4.34.7
      '@rollup/rollup-freebsd-x64': 4.34.7
      '@rollup/rollup-linux-arm-gnueabihf': 4.34.7
      '@rollup/rollup-linux-arm-musleabihf': 4.34.7
      '@rollup/rollup-linux-arm64-gnu': 4.34.7
      '@rollup/rollup-linux-arm64-musl': 4.34.7
      '@rollup/rollup-linux-loongarch64-gnu': 4.34.7
      '@rollup/rollup-linux-powerpc64le-gnu': 4.34.7
      '@rollup/rollup-linux-riscv64-gnu': 4.34.7
      '@rollup/rollup-linux-s390x-gnu': 4.34.7
      '@rollup/rollup-linux-x64-gnu': 4.34.7
      '@rollup/rollup-linux-x64-musl': 4.34.7
      '@rollup/rollup-win32-arm64-msvc': 4.34.7
      '@rollup/rollup-win32-ia32-msvc': 4.34.7
      '@rollup/rollup-win32-x64-msvc': 4.34.7
      fsevents: 2.3.3
    dev: false

  /rsbuild-plugin-dts@0.3.1(@rsbuild/core@1.2.0-beta.0)(typescript@5.7.3):
    resolution: {integrity: sha512-oeD8ztSn0LBSNhUbIkYIxJKRMjd1Td2Dfhc1RefP0eouxkpnbQ+Dln3V5AVUGfDGK+BlubqEAF1gk3xAzLWA9w==}
    engines: {node: '>=16.0.0'}
    peerDependencies:
      '@microsoft/api-extractor': ^7
      '@rsbuild/core': 1.x
      typescript: ^5
    peerDependenciesMeta:
      '@microsoft/api-extractor':
        optional: true
      typescript:
        optional: true
    dependencies:
      '@rsbuild/core': 1.2.0-beta.0
      magic-string: 0.30.17
      picocolors: 1.1.1
      tinyglobby: 0.2.10
      typescript: 5.7.3
    dev: true

  /rslog@1.2.3:
    resolution: {integrity: sha512-antALPJaKBRPBU1X2q9t085K4htWDOOv/K1qhTUk7h0l1ePU/KbDqKJn19eKP0dk7PqMioeA0+fu3gyPXCsXxQ==}
    engines: {node: '>=14.17.6'}
    dev: true

  /run-parallel@1.2.0:
    resolution: {integrity: sha512-5l4VyZR86LZ/lDxZTR6jqL8AFE2S0IFLMP26AbjsLVADxHdhB/c0GUsH+y39UfCi3dzz8OlQuPmnaJOMoDHQBA==}
    dependencies:
      queue-microtask: 1.2.3
    dev: true

  /source-map-support@0.5.21:
    resolution: {integrity: sha512-uBHU3L3czsIyYXKX88fdrGovxdSCoTGDRZ6SYXtSRxLZUzHg5P/66Ht6uoUlHu9EZod+inXhKo3qQgwXUT/y1w==}
    dependencies:
      buffer-from: 1.1.2
      source-map: 0.6.1
    dev: false

  /source-map@0.6.1:
    resolution: {integrity: sha512-UjgapumWlbMhkBgzT7Ykc5YXUT46F0iKu8SGXq0bcwP5dz/h0Plj6enJqjz1Zbq2l5WaqYnrVbwWOWMyF3F47g==}
    engines: {node: '>=0.10.0'}
    dev: false

  /terser@5.39.0:
    resolution: {integrity: sha512-LBAhFyLho16harJoWMg/nZsQYgTrg5jXOn2nCYjRUcZZEdE3qa2zb8QEDRUGVZBW4rlazf2fxkg8tztybTaqWw==}
    engines: {node: '>=10'}
    hasBin: true
    dependencies:
      '@jridgewell/source-map': 0.3.6
      acorn: 8.14.0
      commander: 2.20.3
      source-map-support: 0.5.21
    dev: false

  /tinyglobby@0.2.10:
    resolution: {integrity: sha512-Zc+8eJlFMvgatPZTl6A9L/yht8QqdmUNtURHaKZLmKBE12hNPSrqNkUp2cs3M/UKmNVVAMFQYSjYIVHDjW5zew==}
    engines: {node: '>=12.0.0'}
    dependencies:
      fdir: 6.4.3(picomatch@4.0.2)
      picomatch: 4.0.2
    dev: true

  /to-regex-range@5.0.1:
    resolution: {integrity: sha512-65P7iz6X5yEr1cwcgvQxbbIw7Uk3gOy5dIdtZ4rDveLqhrdJP+Li/Hx6tyK0NEb+2GCyneCMJiGqrADCSNk8sQ==}
    engines: {node: '>=8.0'}
    dependencies:
      is-number: 7.0.0
    dev: true

  /tslib@2.8.1:
    resolution: {integrity: sha512-oJFu94HQb+KVduSUQL7wnpmqnfmLsOA/nAh6b6EH0wCEoK0/mPeXU6c3wKDV83MkOuHPRHtSXKKU99IBazS/2w==}
    dev: true

  /typescript@5.7.3:
    resolution: {integrity: sha512-84MVSjMEHP+FQRPy3pX9sTVV/INIex71s9TL2Gm5FG/WG1SqXeKyZ0k7/blY/4FdOzI12CBy1vGc4og/eus0fw==}
    engines: {node: '>=14.17'}
    hasBin: true

  /undici-types@6.20.0:
    resolution: {integrity: sha512-Ny6QZ2Nju20vw1SRHe3d9jVu6gJ+4e3+MMpqu7pqE5HT6WsTSlce++GQmK5UXS8mzV8DSYHrQH+Xrf2jVcuKNg==}
    dev: true

  /universalify@2.0.1:
    resolution: {integrity: sha512-gptHNQghINnc/vTGIk0SOFGFNXw7JVrlRUtConJRlvaw6DuX0wO5Jeko9sWrMBhh+PsYAZ7oXAiOnf/UKogyiw==}
    engines: {node: '>= 10.0.0'}
    dev: true
